{
  "name": "BMGMT",
  "lockfileVersion": 3,
  "requires": true,
  "packages": {
    "": {
      "devDependencies": {
        "dbmate": "^2.13.0"
      }
    },
    "node_modules/@dbmate/darwin-arm64": {
      "version": "2.13.0",
      "resolved": "https://registry.npmjs.org/@dbmate/darwin-arm64/-/darwin-arm64-2.13.0.tgz",
      "integrity": "sha512-27VghQtybYHqDUByIrSmQ7vPjg6fOzk0w/FkuegHkqV1ofoR5ov0DD2VLlVNpUCP6MeLDhWDDVSgKE8O+KuYBQ==",
      "cpu": [
        "arm64"
      ],
      "dev": true,
      "optional": true,
      "os": [
        "darwin"
      ]
    },
    "node_modules/@dbmate/darwin-x64": {
      "version": "2.13.0",
      "resolved": "https://registry.npmjs.org/@dbmate/darwin-x64/-/darwin-x64-2.13.0.tgz",
      "integrity": "sha512-kR8gicpHL56N6MPzQE1CqJqgggFawekhOnx9wSK8pQVeWuob5xGPoi/y56Kwe3yf9XJ2yapnS74VuHwaXMmndQ==",
      "cpu": [
        "x64"
      ],
      "dev": true,
      "optional": true,
      "os": [
        "darwin"
      ]
    },
    "node_modules/@dbmate/linux-arm": {
      "version": "2.13.0",
      "resolved": "https://registry.npmjs.org/@dbmate/linux-arm/-/linux-arm-2.13.0.tgz",
      "integrity": "sha512-6qybUZJeDpqn6yNhM9RA1nV8iLjJMYMkcxNYBCq2QQe9XL4CN+t1MqKhkgo8+eqwahoFA9QhbIj/04Plr1ooTw==",
      "cpu": [
        "arm"
      ],
      "dev": true,
      "optional": true,
      "os": [
        "linux"
      ]
    },
    "node_modules/@dbmate/linux-arm64": {
      "version": "2.13.0",
      "resolved": "https://registry.npmjs.org/@dbmate/linux-arm64/-/linux-arm64-2.13.0.tgz",
      "integrity": "sha512-czAkP6xuenXzePoGsSxzQkSp7mlUyH9JPAkH8WbrPy5DM+COBGkCH9AGfA0O1nRGj4t5KwBfUh+Ttk819GrkXw==",
      "cpu": [
        "arm64"
      ],
      "dev": true,
      "optional": true,
      "os": [
        "linux"
      ]
    },
    "node_modules/@dbmate/linux-ia32": {
      "version": "2.13.0",
      "resolved": "https://registry.npmjs.org/@dbmate/linux-ia32/-/linux-ia32-2.13.0.tgz",
      "integrity": "sha512-UTaLzT2x65rN/ANsl3BPe2YAlZFArQrTh47IlbT75z0/iGd6jzjY29w2JDA4H/4lyrUQieiPUCWPSRGZVePcmA==",
      "cpu": [
        "ia32"
      ],
      "dev": true,
      "optional": true,
      "os": [
        "linux"
      ]
    },
    "node_modules/@dbmate/linux-x64": {
      "version": "2.13.0",
      "resolved": "https://registry.npmjs.org/@dbmate/linux-x64/-/linux-x64-2.13.0.tgz",
      "integrity": "sha512-9Bc+QCLMRLlfxnq0qQiVSkGc7PmUn9Z9eiuZ6X9UEOvCMjZVY1RMiUgQDHDGY8ik3s7sfzU0SmAOw/JbJi6Nvg==",
      "cpu": [
        "x64"
      ],
      "dev": true,
      "optional": true,
      "os": [
        "linux"
      ]
    },
    "node_modules/@dbmate/win32-x64": {
      "version": "2.13.0",
      "resolved": "https://registry.npmjs.org/@dbmate/win32-x64/-/win32-x64-2.13.0.tgz",
      "integrity": "sha512-xCgnL+zKC0BIDp8v2b9JYbe/1z4C/gQbde9vDvRgQHDkftoNvmzDbDj00QDFfJcHr9ifJrtyZsTe+aqUTpMA5g==",
      "cpu": [
        "x64"
      ],
      "dev": true,
      "optional": true,
      "os": [
        "win32"
      ]
    },
    "node_modules/dbmate": {
      "version": "2.13.0",
      "resolved": "https://registry.npmjs.org/dbmate/-/dbmate-2.13.0.tgz",
      "integrity": "sha512-Db3PacU/UhbBzmOlp1hejVmHQRUmBBJ3OmINC0avETgeOzUYRB+ouHH75QpovEE3B9ZQusyDdFBRWKgZllS3Zw==",
      "dev": true,
      "bin": {
        "dbmate": "dist/cli.js"
      },
      "optionalDependencies": {
        "@dbmate/darwin-arm64": "2.13.0",
        "@dbmate/darwin-x64": "2.13.0",
        "@dbmate/linux-arm": "2.13.0",
        "@dbmate/linux-arm64": "2.13.0",
        "@dbmate/linux-ia32": "2.13.0",
        "@dbmate/linux-x64": "2.13.0",
        "@dbmate/win32-x64": "2.13.0"
      }
    }
  }
}
